
Microsoft Visual Studio Solution File, Format Version 12.00
# Visual Studio Version 16
VisualStudioVersion = 16.0.31424.327
MinimumVisualStudioVersion = 10.0.40219.1
Project("{9A19103F-16F7-4668-BE54-9A1E7A4F7556}") = "Project1", "Project1.csproj", "{D800CE75-4D64-4CE8-9D94-9EC0B24EBB85}"
EndProject
Global
	GlobalSection(SolutionConfigurationPlatforms) = preSolution
		Debug|Any CPU = Debug|Any CPU
		Release|Any CPU = Release|Any CPU
	EndGlobalSection
	GlobalSection(ProjectConfigurationPlatforms) = postSolution
		{D800CE75-4D64-4CE8-9D94-9EC0B24EBB85}.Debug|Any CPU.ActiveCfg = Debug|Any CPU
		{D800CE75-4D64-4CE8-9D94-9EC0B24EBB85}.Debug|Any CPU.Build.0 = Debug|Any CPU
		{D800CE75-4D64-4CE8-9D94-9EC0B24EBB85}.Release|Any CPU.ActiveCfg = Release|Any CPU
		{D800CE75-4D64-4CE8-9D94-9EC0B24EBB85}.Release|Any CPU.Build.0 = Release|Any CPU
	EndGlobalSection
	GlobalSection(SolutionProperties) = preSolution
		HideSolutionNode = FALSE
	EndGlobalSection
	GlobalSection(ExtensibilityGlobals) = postSolution
		SolutionGuid = {6AC01FF1-1DEF-42F7-92FA-A53A0E04B513}
	EndGlobalSection
EndGlobal
